{
  "lockfileVersion": 1,
  "configVersion": 1,
  "workspaces": {
    "": {
      "dependencies": {
        "local-repo-harness": "latest",
      },
    },
  },
  "packages": {
    "commander": ["commander@14.0.3", "", {}, "sha512-H+y0Jo/T1RZ9qPP4Eh1pkcQcLRglraJaSLoyOtHxu6AapkjWVCy2Sit1QQ4x3Dng8qDlSsZEet7g5Pq06MvTgw=="],

    "local-repo-harness": ["local-repo-harness@0.5.8", "", { "dependencies": { "commander": "^14.0.3" }, "bin": { "local-repo-harness": "src/cli/index.ts", "local-repo-harness-hook": "src/cli/hook-entry.ts" } }, "sha512-jkgxkV53mjNb7BZzd6aJQrpdXR59H3owa7+1xvQ0kVY710EKYBullKsYS/TJD/vo1k5GpyX4IC/qv/AP6gMkmA=="],
  }
}
